
Microsoft Visual Studio Solution File, Format Version 11.00
# Visual Studio 2010
Project("{FAE04EC0-301F-11D3-BF4B-00C04F79EFBC}") = "Assembly-CSharp", "Assembly-CSharp.csproj", "{EDAE6591-ECF8-35BF-436F-13CF7969BAAE}"
EndProject
Global
	GlobalSection(SolutionConfigurationPlatforms) = preSolution
		Debug|Any CPU = Debug|Any CPU
		Release|Any CPU = Release|Any CPU
	EndGlobalSection
	GlobalSection(ProjectConfigurationPlatforms) = postSolution
		{EDAE6591-ECF8-35BF-436F-13CF7969BAAE}.Debug|Any CPU.ActiveCfg = Debug|Any CPU
		{EDAE6591-ECF8-35BF-436F-13CF7969BAAE}.Debug|Any CPU.Build.0 = Debug|Any CPU
		{EDAE6591-ECF8-35BF-436F-13CF7969BAAE}.Release|Any CPU.ActiveCfg = Release|Any CPU
		{EDAE6591-ECF8-35BF-436F-13CF7969BAAE}.Release|Any CPU.Build.0 = Release|Any CPU
	EndGlobalSection
	GlobalSection(SolutionProperties) = preSolution
		HideSolutionNode = FALSE
	EndGlobalSection
EndGlobal
